// !$*UTF8*$!
{
	archiveVersion = 1;
	classes = {
	};
	objectVersion = 46;
	objects = {

/* Begin PBXBuildFile section */
		81AE95161CADEF78003738AA /* AppDelegate.swift in Sources */ = {isa = PBXBuildFile; fileRef = 81AE95151CADEF78003738AA /* AppDelegate.swift */; };
		81AE95181CADEF79003738AA /* ViewController.swift in Sources */ = {isa = PBXBuildFile; fileRef = 81AE95171CADEF79003738AA /* ViewController.swift */; };
		81AE951B1CADEF79003738AA /* Main.storyboard in Resources */ = {isa = PBXBuildFile; fileRef = 81AE95191CADEF79003738AA /* Main.storyboard */; };
		81AE951D1CADEF79003738AA /* Assets.xcassets in Resources */ = {isa = PBXBuildFile; fileRef = 81AE951C1CADEF79003738AA /* Assets.xcassets */; };
		81AE95201CADEF79003738AA /* LaunchScreen.storyboard in Resources */ = {isa = PBXBuildFile; fileRef = 81AE951E1CADEF79003738AA /* LaunchScreen.storyboard */; };
		81EA2C7D1CB04AE50080513E /* DataWeatherSwift.swift in Sources */ = {isa = PBXBuildFile; fileRef = 81EA2C7C1CB04AE50080513E /* DataWeatherSwift.swift */; };
		81EA2C7F1CB04B600080513E /* DataWeatherPlist.plist in Resources */ = {isa = PBXBuildFile; fileRef = 81EA2C7E1CB04B600080513E /* DataWeatherPlist.plist */; };
		81EA2C811CB04BDF0080513E /* CityModel.swift in Sources */ = {isa = PBXBuildFile; fileRef = 81EA2C801CB04BDF0080513E /* CityModel.swift */; };
		81EA2C831CB04C9A0080513E /* GlobalConstants.swift in Sources */ = {isa = PBXBuildFile; fileRef = 81EA2C821CB04C9A0080513E /* GlobalConstants.swift */; };
/* End PBXBuildFile section */

/* Begin PBXFileReference section */
		81AE95121CADEF78003738AA /* WeatherPovio.app */ = {isa = PBXFileReference; explicitFileType = wrapper.application; includeInIndex = 0; path = WeatherPovio.app; sourceTree = BUILT_PRODUCTS_DIR; };
		81AE95151CADEF78003738AA /* AppDelegate.swift */ = {isa = PBXFileReference; lastKnownFileType = sourcecode.swift; path = AppDelegate.swift; sourceTree = "<group>"; };
		81AE95171CADEF79003738AA /* ViewController.swift */ = {isa = PBXFileReference; lastKnownFileType = sourcecode.swift; path = ViewController.swift; sourceTree = "<group>"; };
		81AE951A1CADEF79003738AA /* Base */ = {isa = PBXFileReference; lastKnownFileType = file.storyboard; name = Base; path = Base.lproj/Main.storyboard; sourceTree = "<group>"; };
		81AE951C1CADEF79003738AA /* Assets.xcassets */ = {isa = PBXFileReference; lastKnownFileType = folder.assetcatalog; path = Assets.xcassets; sourceTree = "<group>"; };
		81AE951F1CADEF79003738AA /* Base */ = {isa = PBXFileReference; lastKnownFileType = file.storyboard; name = Base; path = Base.lproj/LaunchScreen.storyboard; sourceTree = "<group>"; };
		81AE95211CADEF79003738AA /* Info.plist */ = {isa = PBXFileReference; lastKnownFileType = text.plist.xml; path = Info.plist; sourceTree = "<group>"; };
		81EA2C7C1CB04AE50080513E /* DataWeatherSwift.swift */ = {isa = PBXFileReference; fileEncoding = 4; lastKnownFileType = sourcecode.swift; path = DataWeatherSwift.swift; sourceTree = "<group>"; };
		81EA2C7E1CB04B600080513E /* DataWeatherPlist.plist */ = {isa = PBXFileReference; fileEncoding = 4; lastKnownFileType = text.plist.xml; path = DataWeatherPlist.plist; sourceTree = "<group>"; };
		81EA2C801CB04BDF0080513E /* CityModel.swift */ = {isa = PBXFileReference; fileEncoding = 4; lastKnownFileType = sourcecode.swift; path = CityModel.swift; sourceTree = "<group>"; };
		81EA2C821CB04C9A0080513E /* GlobalConstants.swift */ = {isa = PBXFileReference; fileEncoding = 4; lastKnownFileType = sourcecode.swift; path = GlobalConstants.swift; sourceTree = "<group>"; };
/* End PBXFileReference section */

/* Begin PBXFrameworksBuildPhase section */
		81AE950F1CADEF78003738AA /* Frameworks */ = {
			isa = PBXFrameworksBuildPhase;
			buildActionMask = 2147483647;
			files = (
			);
			runOnlyForDeploymentPostprocessing = 0;
		};
/* End PBXFrameworksBuildPhase section */

/* Begin PBXGroup section */
		81AE95091CADEF78003738AA = {
			isa = PBXGroup;
			children = (
				81AE95141CADEF78003738AA /* WeatherPovio */,
				81AE95131CADEF78003738AA /* Products */,
			);
			sourceTree = "<group>";
		};
		81AE95131CADEF78003738AA /* Products */ = {
			isa = PBXGroup;
			children = (
				81AE95121CADEF78003738AA /* WeatherPovio.app */,
			);
			name = Products;
			sourceTree = "<group>";
		};
		81AE95141CADEF78003738AA /* WeatherPovio */ = {
			isa = PBXGroup;
			children = (
				81AE95151CADEF78003738AA /* AppDelegate.swift */,
				81AE95171CADEF79003738AA /* ViewController.swift */,
				81EA2C7E1CB04B600080513E /* DataWeatherPlist.plist */,
				81EA2C801CB04BDF0080513E /* CityModel.swift */,
				81EA2C821CB04C9A0080513E /* GlobalConstants.swift */,
				81EA2C7C1CB04AE50080513E /* DataWeatherSwift.swift */,
				81AE95191CADEF79003738AA /* Main.storyboard */,
				81AE951C1CADEF79003738AA /* Assets.xcassets */,
				81AE951E1CADEF79003738AA /* LaunchScreen.storyboard */,
				81AE95211CADEF79003738AA /* Info.plist */,
			);
			path = WeatherPovio;
			sourceTree = "<group>";
		};
/* End PBXGroup section */

/* Begin PBXNativeTarget section */
		81AE95111CADEF78003738AA /* WeatherPovio */ = {
			isa = PBXNativeTarget;
			buildConfigurationList = 81AE95241CADEF79003738AA /* Build configuration list for PBXNativeTarget "WeatherPovio" */;
			buildPhases = (
				81AE950E1CADEF78003738AA /* Sources */,
				81AE950F1CADEF78003738AA /* Frameworks */,
				81AE95101CADEF78003738AA /* Resources */,
			);
			buildRules = (
			);
			dependencies = (
			);
			name = WeatherPovio;
			productName = WeatherPovio;
			productReference = 81AE95121CADEF78003738AA /* WeatherPovio.app */;
			productType = "com.apple.product-type.application";
		};
/* End PBXNativeTarget section */

/* Begin PBXProject section */
		81AE950A1CADEF78003738AA /* Project object */ = {
			isa = PBXProject;
			attributes = {
				LastSwiftUpdateCheck = 0710;
				LastUpgradeCheck = 0710;
				ORGANIZATIONNAME = Developers;
				TargetAttributes = {
					81AE95111CADEF78003738AA = {
						CreatedOnToolsVersion = 7.1.1;
					};
				};
			};
			buildConfigurationList = 81AE950D1CADEF78003738AA /* Build configuration list for PBXProject "WeatherPovio" */;
			compatibilityVersion = "Xcode 3.2";
			developmentRegion = English;
			hasScannedForEncodings = 0;
			knownRegions = (
				en,
				Base,
			);
			mainGroup = 81AE95091CADEF78003738AA;
			productRefGroup = 81AE95131CADEF78003738AA /* Products */;
			projectDirPath = "";
			projectRoot = "";
			targets = (
				81AE95111CADEF78003738AA /* WeatherPovio */,
			);
		};
/* End PBXProject section */

/* Begin PBXResourcesBuildPhase section */
		81AE95101CADEF78003738AA /* Resources */ = {
			isa = PBXResourcesBuildPhase;
			buildActionMask = 2147483647;
			files = (
				81AE95201CADEF79003738AA /* LaunchScreen.storyboard in Resources */,
				81AE951D1CADEF79003738AA /* Assets.xcassets in Resources */,
				81EA2C7F1CB04B600080513E /* DataWeatherPlist.plist in Resources */,
				81AE951B1CADEF79003738AA /* Main.storyboard in Resources */,
			);
			runOnlyForDeploymentPostprocessing = 0;
		};
/* End PBXResourcesBuildPhase section */

/* Begin PBXSourcesBuildPhase section */
		81AE950E1CADEF78003738AA /* Sources */ = {
			isa = PBXSourcesBuildPhase;
			buildActionMask = 2147483647;
			files = (
				81EA2C811CB04BDF0080513E /* CityModel.swift in Sources */,
				81EA2C7D1CB04AE50080513E /* DataWeatherSwift.swift in Sources */,
				81EA2C831CB04C9A0080513E /* GlobalConstants.swift in Sources */,
				81AE95181CADEF79003738AA /* ViewController.swift in Sources */,
				81AE95161CADEF78003738AA /* AppDelegate.swift in Sources */,
			);
			runOnlyForDeploymentPostprocessing = 0;
		};
/* End PBXSourcesBuildPhase section */

/* Begin PBXVariantGroup section */
		81AE95191CADEF79003738AA /* Main.storyboard */ = {
			isa = PBXVariantGroup;
			children = (
				81AE951A1CADEF79003738AA /* Base */,
			);
			name = Main.storyboard;
			sourceTree = "<group>";
		};
		81AE951E1CADEF79003738AA /* LaunchScreen.storyboard */ = {
			isa = PBXVariantGroup;
			children = (
				81AE951F1CADEF79003738AA /* Base */,
			);
			name = LaunchScreen.storyboard;
			sourceTree = "<group>";
		};
/* End PBXVariantGroup section */

/* Begin XCBuildConfiguration section */
		81AE95221CADEF79003738AA /* Debug */ = {
			isa = XCBuildConfiguration;
			buildSettings = {
				ALWAYS_SEARCH_USER_PATHS = NO;
				CLANG_CXX_LANGUAGE_STANDARD = "gnu++0x";
				CLANG_CXX_LIBRARY = "libc++";
				CLANG_ENABLE_MODULES = YES;
				CLANG_ENABLE_OBJC_ARC = YES;
				CLANG_WARN_BOOL_CONVERSION = YES;
				CLANG_WARN_CONSTANT_CONVERSION = YES;
				CLANG_WARN_DIRECT_OBJC_ISA_USAGE = YES_ERROR;
				CLANG_WARN_EMPTY_BODY = YES;
				CLANG_WARN_ENUM_CONVERSION = YES;
				CLANG_WARN_INT_CONVERSION = YES;
				CLANG_WARN_OBJC_ROOT_CLASS = YES_ERROR;
				CLANG_WARN_UNREACHABLE_CODE = YES;
				CLANG_WARN__DUPLICATE_METHOD_MATCH = YES;
				"CODE_SIGN_IDENTITY[sdk=iphoneos*]" = "iPhone Developer";
				COPY_PHASE_STRIP = NO;
				DEBUG_INFORMATION_FORMAT = dwarf;
				ENABLE_STRICT_OBJC_MSGSEND = YES;
				ENABLE_TESTABILITY = YES;
				GCC_C_LANGUAGE_STANDARD = gnu99;
				GCC_DYNAMIC_NO_PIC = NO;
				GCC_NO_COMMON_BLOCKS = YES;
				GCC_OPTIMIZATION_LEVEL = 0;
				GCC_PREPROCESSOR_DEFINITIONS = (
					"DEBUG=1",
					"$(inherited)",
				);
				GCC_WARN_64_TO_32_BIT_CONVERSION = YES;
				GCC_WARN_ABOUT_RETURN_TYPE = YES_ERROR;
				GCC_WARN_UNDECLARED_SELECTOR = YES;
				GCC_WARN_UNINITIALIZED_AUTOS = YES_AGGRESSIVE;
				GCC_WARN_UNUSED_FUNCTION = YES;
				GCC_WARN_UNUSED_VARIABLE = YES;
				IPHONEOS_DEPLOYMENT_TARGET = 9.1;
				MTL_ENABLE_DEBUG_INFO = YES;
				ONLY_ACTIVE_ARCH = YES;
				SDKROOT = iphoneos;
				SWIFT_OPTIMIZATION_LEVEL = "-Onone";
			};
			name = Debug;
		};
		81AE95231CADEF79003738AA /* Release */ = {
			isa = XCBuildConfiguration;
			buildSettings = {
				ALWAYS_SEARCH_USER_PATHS = NO;
				CLANG_CXX_LANGUAGE_STANDARD = "gnu++0x";
				CLANG_CXX_LIBRARY = "libc++";
				CLANG_ENABLE_MODULES = YES;
				CLANG_ENABLE_OBJC_ARC = YES;
				CLANG_WARN_BOOL_CONVERSION = YES;
				CLANG_WARN_CONSTANT_CONVERSION = YES;
				CLANG_WARN_DIRECT_OBJC_ISA_USAGE = YES_ERROR;
				CLANG_WARN_EMPTY_BODY = YES;
				CLANG_WARN_ENUM_CONVERSION = YES;
				CLANG_WARN_INT_CONVERSION = YES;
				CLANG_WARN_OBJC_ROOT_CLASS = YES_ERROR;
				CLANG_WARN_UNREACHABLE_CODE = YES;
				CLANG_WARN__DUPLICATE_METHOD_MATCH = YES;
				"CODE_SIGN_IDENTITY[sdk=iphoneos*]" = "iPhone Developer";
				COPY_PHASE_STRIP = NO;
				DEBUG_INFORMATION_FORMAT = "dwarf-with-dsym";
				ENABLE_NS_ASSERTIONS = NO;
				ENABLE_STRICT_OBJC_MSGSEND = YES;
				GCC_C_LANGUAGE_STANDARD = gnu99;
				GCC_NO_COMMON_BLOCKS = YES;
				GCC_WARN_64_TO_32_BIT_CONVERSION = YES;
				GCC_WARN_ABOUT_RETURN_TYPE = YES_ERROR;
				GCC_WARN_UNDECLARED_SELECTOR = YES;
				GCC_WARN_UNINITIALIZED_AUTOS = YES_AGGRESSIVE;
				GCC_WARN_UNUSED_FUNCTION = YES;
				GCC_WARN_UNUSED_VARIABLE = YES;
				IPHONEOS_DEPLOYMENT_TARGET = 9.1;
				MTL_ENABLE_DEBUG_INFO = NO;
				SDKROOT = iphoneos;
				VALIDATE_PRODUCT = YES;
			};
			name = Release;
		};
		81AE95251CADEF79003738AA /* Debug */ = {
			isa = XCBuildConfiguration;
			buildSettings = {
				ASSETCATALOG_COMPILER_APPICON_NAME = AppIcon;
				INFOPLIST_FILE = WeatherPovio/Info.plist;
				LD_RUNPATH_SEARCH_PATHS = "$(inherited) @executable_path/Frameworks";
				PRODUCT_BUNDLE_IDENTIFIER = com.developers.WeatherPovio;
				PRODUCT_NAME = "$(TARGET_NAME)";
			};
			name = Debug;
		};
		81AE95261CADEF79003738AA /* Release */ = {
			isa = XCBuildConfiguration;
			buildSettings = {
				ASSETCATALOG_COMPILER_APPICON_NAME = AppIcon;
				INFOPLIST_FILE = WeatherPovio/Info.plist;
				LD_RUNPATH_SEARCH_PATHS = "$(inherited) @executable_path/Frameworks";
				PRODUCT_BUNDLE_IDENTIFIER = com.developers.WeatherPovio;
				PRODUCT_NAME = "$(TARGET_NAME)";
			};
			name = Release;
		};
/* End XCBuildConfiguration section */

/* Begin XCConfigurationList section */
		81AE950D1CADEF78003738AA /* Build configuration list for PBXProject "WeatherPovio" */ = {
			isa = XCConfigurationList;
			buildConfigurations = (
				81AE95221CADEF79003738AA /* Debug */,
				81AE95231CADEF79003738AA /* Release */,
			);
			defaultConfigurationIsVisible = 0;
			defaultConfigurationName = Release;
		};
		81AE95241CADEF79003738AA /* Build configuration list for PBXNativeTarget "WeatherPovio" */ = {
			isa = XCConfigurationList;
			buildConfigurations = (
				81AE95251CADEF79003738AA /* Debug */,
				81AE95261CADEF79003738AA /* Release */,
			);
			defaultConfigurationIsVisible = 0;
			defaultConfigurationName = Release;
		};
/* End XCConfigurationList section */
	};
	rootObject = 81AE950A1CADEF78003738AA /* Project object */;
}
